
Microsoft Visual Studio Solution File, Format Version 12.00
# Visual Studio Version 17
VisualStudioVersion = 17.8.34330.188
MinimumVisualStudioVersion = 10.0.40219.1
Project("{9A19103F-16F7-4668-BE54-9A1E7A4F7556}") = "CarrierWebApi", "CarrierWebApi.csproj", "{48665AA3-305B-4858-ABCE-560328F767A9}"
EndProject
Project("{2150E333-8FDC-42A3-9474-1A3956D46DE8}") = "Solution Items", "Solution Items", "{5704FBC2-FC77-4297-9312-79D84222205D}"
	ProjectSection(SolutionItems) = preProject
		.editorconfig = .editorconfig
	EndProjectSection
EndProject
Global
	GlobalSection(SolutionConfigurationPlatforms) = preSolution
		Debug|Any CPU = Debug|Any CPU
		Release|Any CPU = Release|Any CPU
	EndGlobalSection
	GlobalSection(ProjectConfigurationPlatforms) = postSolution
		{48665AA3-305B-4858-ABCE-560328F767A9}.Debug|Any CPU.ActiveCfg = Debug|Any CPU
		{48665AA3-305B-4858-ABCE-560328F767A9}.Debug|Any CPU.Build.0 = Debug|Any CPU
		{48665AA3-305B-4858-ABCE-560328F767A9}.Release|Any CPU.ActiveCfg = Release|Any CPU
		{48665AA3-305B-4858-ABCE-560328F767A9}.Release|Any CPU.Build.0 = Release|Any CPU
	EndGlobalSection
	GlobalSection(SolutionProperties) = preSolution
		HideSolutionNode = FALSE
	EndGlobalSection
	GlobalSection(ExtensibilityGlobals) = postSolution
		SolutionGuid = {4E2E5DC2-1C65-47F2-9A87-1F9157B9CA33}
	EndGlobalSection
EndGlobal
